
Microsoft Visual Studio Solution File, Format Version 12.00
# Visual Studio Version 17
VisualStudioVersion = 17.5.33414.496
MinimumVisualStudioVersion = 10.0.40219.1
Project("{FAE04EC0-301F-11D3-BF4B-00C04F79EFBC}") = "VolvoSalary", "VolvoSalary\VolvoSalary.csproj", "{AAEBC416-1E99-4296-B748-624E7A39798B}"
EndProject
Global
	GlobalSection(SolutionConfigurationPlatforms) = preSolution
		Debug|Any CPU = Debug|Any CPU
		Release|Any CPU = Release|Any CPU
	EndGlobalSection
	GlobalSection(ProjectConfigurationPlatforms) = postSolution
		{AAEBC416-1E99-4296-B748-624E7A39798B}.Debug|Any CPU.ActiveCfg = Debug|Any CPU
		{AAEBC416-1E99-4296-B748-624E7A39798B}.Debug|Any CPU.Build.0 = Debug|Any CPU
		{AAEBC416-1E99-4296-B748-624E7A39798B}.Release|Any CPU.ActiveCfg = Release|Any CPU
		{AAEBC416-1E99-4296-B748-624E7A39798B}.Release|Any CPU.Build.0 = Release|Any CPU
	EndGlobalSection
	GlobalSection(SolutionProperties) = preSolution
		HideSolutionNode = FALSE
	EndGlobalSection
	GlobalSection(ExtensibilityGlobals) = postSolution
		SolutionGuid = {9BCA8C98-80A2-46ED-AC18-ABA4A82C0DF6}
	EndGlobalSection
EndGlobal
